
Microsoft Visual Studio Solution File, Format Version 12.00
# Visual Studio Version 16
VisualStudioVersion = 25.0.1704.0
MinimumVisualStudioVersion = 10.0.40219.1
Project("{FAE04EC0-301F-11D3-BF4B-00C04F79EFBC}") = "SalesApp.Domain", "AppVenta.Dominio\SalesApp.Domain.csproj", "{D5A85D42-1288-4209-9143-202D9666CC54}"
EndProject
Project("{FAE04EC0-301F-11D3-BF4B-00C04F79EFBC}") = "SalesApp.Aplication", "SalesApp.Aplication\SalesApp.Aplication.csproj", "{66C3FCAE-EC4C-4035-832D-84F44BD4F59C}"
EndProject
Project("{FAE04EC0-301F-11D3-BF4B-00C04F79EFBC}") = "SalesApp.Infrastructure.Data", "SalesApp.Infrastructure.Data\SalesApp.Infrastructure.Data.csproj", "{50E296AF-A698-4263-BCBF-97FCCAF04B99}"
EndProject
Project("{FAE04EC0-301F-11D3-BF4B-00C04F79EFBC}") = "SalesApp.Infrastructure.API", "SalesApp.Infrastructure.API\SalesApp.Infrastructure.API.csproj", "{6E56A5F3-0B6E-4114-AB27-42743155960F}"
EndProject
Global
	GlobalSection(SolutionConfigurationPlatforms) = preSolution
		Debug|Any CPU = Debug|Any CPU
		Release|Any CPU = Release|Any CPU
	EndGlobalSection
	GlobalSection(ProjectConfigurationPlatforms) = postSolution
		{D5A85D42-1288-4209-9143-202D9666CC54}.Debug|Any CPU.ActiveCfg = Debug|Any CPU
		{D5A85D42-1288-4209-9143-202D9666CC54}.Debug|Any CPU.Build.0 = Debug|Any CPU
		{D5A85D42-1288-4209-9143-202D9666CC54}.Release|Any CPU.ActiveCfg = Release|Any CPU
		{D5A85D42-1288-4209-9143-202D9666CC54}.Release|Any CPU.Build.0 = Release|Any CPU
		{66C3FCAE-EC4C-4035-832D-84F44BD4F59C}.Debug|Any CPU.ActiveCfg = Debug|Any CPU
		{66C3FCAE-EC4C-4035-832D-84F44BD4F59C}.Debug|Any CPU.Build.0 = Debug|Any CPU
		{66C3FCAE-EC4C-4035-832D-84F44BD4F59C}.Release|Any CPU.ActiveCfg = Release|Any CPU
		{66C3FCAE-EC4C-4035-832D-84F44BD4F59C}.Release|Any CPU.Build.0 = Release|Any CPU
		{50E296AF-A698-4263-BCBF-97FCCAF04B99}.Debug|Any CPU.ActiveCfg = Debug|Any CPU
		{50E296AF-A698-4263-BCBF-97FCCAF04B99}.Debug|Any CPU.Build.0 = Debug|Any CPU
		{50E296AF-A698-4263-BCBF-97FCCAF04B99}.Release|Any CPU.ActiveCfg = Release|Any CPU
		{50E296AF-A698-4263-BCBF-97FCCAF04B99}.Release|Any CPU.Build.0 = Release|Any CPU
		{6E56A5F3-0B6E-4114-AB27-42743155960F}.Debug|Any CPU.ActiveCfg = Debug|Any CPU
		{6E56A5F3-0B6E-4114-AB27-42743155960F}.Debug|Any CPU.Build.0 = Debug|Any CPU
		{6E56A5F3-0B6E-4114-AB27-42743155960F}.Release|Any CPU.ActiveCfg = Release|Any CPU
		{6E56A5F3-0B6E-4114-AB27-42743155960F}.Release|Any CPU.Build.0 = Release|Any CPU
	EndGlobalSection
	GlobalSection(SolutionProperties) = preSolution
		HideSolutionNode = FALSE
	EndGlobalSection
	GlobalSection(ExtensibilityGlobals) = postSolution
		SolutionGuid = {C134C0A3-657A-45DD-A342-55871017C097}
	EndGlobalSection
EndGlobal
